# This file is autogenerated, do not edit; changes may be undone by the next 'dep ensure'.


[[projects]]
  branch = "master"
  digest = "1:eba02c75600724f5e717b207d25613be58cdbfcce152e5c06ca1d7597d729bca"
  name = "github.com/grafov/m3u8"
  packages = ["."]
  pruneopts = ""
  revision = "920643e7fcabbe6078c26b65e6b38ae9306f5b33"

[[projects]]
  branch = "master"
  digest = "1:fd6aac616dce65c33881bec483a5396c62873c49bdd5bd6702d2a5da82c06c48"
  name = "gonum.org/v1/gonum"
  packages = [
    ".",
    "blas",
    "blas/blas64",
    "blas/cblas128",
    "blas/gonum",
    "floats",
    "internal/asm/c128",
    "internal/asm/c64",
    "internal/asm/f32",
    "internal/asm/f64",
    "internal/cmplx64",
    "internal/math32",
    "lapack",
    "lapack/gonum",
    "lapack/lapack64",
    "mat",
    "stat",
  ]
  pruneopts = ""
  revision = "047f2c2add5e169ea594d11fbbcbbba2ffb44aa9"

[solve-meta]
  analyzer-name = "dep"
  analyzer-version = 1
  input-imports = [
    "github.com/grafov/m3u8",
    "gonum.org/v1/gonum",
    "gonum.org/v1/gonum/stat",
  ]
  solver-name = "gps-cdcl"
  solver-version = 1
